// !$*UTF8*$!
{
	archiveVersion = 1;
	classes = {
	};
	objectVersion = 55;
	objects = {

/* Begin PBXBuildFile section */
		90BCF58328A2F10800998A05 /* ModelData.swift in Sources */ = {isa = PBXBuildFile; fileRef = 90BCF58228A2F10800998A05 /* ModelData.swift */; };
		90BCF58528A2F15700998A05 /* Device.swift in Sources */ = {isa = PBXBuildFile; fileRef = 90BCF58428A2F15700998A05 /* Device.swift */; };
		90BCF58728A2F2FC00998A05 /* YamahaControllerCommands.swift in Sources */ = {isa = PBXBuildFile; fileRef = 90BCF58628A2F2FC00998A05 /* YamahaControllerCommands.swift */; };
		90E2180028A3060200ED31DE /* UDPBroadcastConnection.swift in Sources */ = {isa = PBXBuildFile; fileRef = 90E217FE28A3060200ED31DE /* UDPBroadcastConnection.swift */; };
		90E2180128A3060200ED31DE /* UDPBroadcastConnectionError.swift in Sources */ = {isa = PBXBuildFile; fileRef = 90E217FF28A3060200ED31DE /* UDPBroadcastConnectionError.swift */; };
		90E2180428A572EA00ED31DE /* YamahaControllerXMLParser.swift in Sources */ = {isa = PBXBuildFile; fileRef = 90E2180328A572EA00ED31DE /* YamahaControllerXMLParser.swift */; };
		90E2180628A58ECE00ED31DE /* DeviceView.swift in Sources */ = {isa = PBXBuildFile; fileRef = 90E2180528A58ECE00ED31DE /* DeviceView.swift */; };
		90E2180828B0FB6900ED31DE /* Icon.swift in Sources */ = {isa = PBXBuildFile; fileRef = 90E2180728B0FB6900ED31DE /* Icon.swift */; };
		90E2180C28BD1F4F00ED31DE /* DeviceRow.swift in Sources */ = {isa = PBXBuildFile; fileRef = 90E2180B28BD1F4F00ED31DE /* DeviceRow.swift */; };
		90E218102905B98E00ED31DE /* Zone.swift in Sources */ = {isa = PBXBuildFile; fileRef = 90E2180F2905B98E00ED31DE /* Zone.swift */; };
		90E218122905DE7F00ED31DE /* ZoneRow.swift in Sources */ = {isa = PBXBuildFile; fileRef = 90E218112905DE7F00ED31DE /* ZoneRow.swift */; };
		90E218142905DFD800ED31DE /* ZoneView.swift in Sources */ = {isa = PBXBuildFile; fileRef = 90E218132905DFD800ED31DE /* ZoneView.swift */; };
		90E710BE289D6413001008DC /* AppDelegate.swift in Sources */ = {isa = PBXBuildFile; fileRef = 90E710BD289D6413001008DC /* AppDelegate.swift */; };
		90E82FDE27B1B41C005DFB26 /* YamahaControllerApp.swift in Sources */ = {isa = PBXBuildFile; fileRef = 90E82FDD27B1B41C005DFB26 /* YamahaControllerApp.swift */; };
		90E82FE027B1B41C005DFB26 /* ContentView.swift in Sources */ = {isa = PBXBuildFile; fileRef = 90E82FDF27B1B41C005DFB26 /* ContentView.swift */; };
		90E82FE227B1B41E005DFB26 /* Assets.xcassets in Resources */ = {isa = PBXBuildFile; fileRef = 90E82FE127B1B41E005DFB26 /* Assets.xcassets */; };
		90E82FE527B1B41E005DFB26 /* Preview Assets.xcassets in Resources */ = {isa = PBXBuildFile; fileRef = 90E82FE427B1B41E005DFB26 /* Preview Assets.xcassets */; };
/* End PBXBuildFile section */

/* Begin PBXFileReference section */
		90BCF58228A2F10800998A05 /* ModelData.swift */ = {isa = PBXFileReference; lastKnownFileType = sourcecode.swift; path = ModelData.swift; sourceTree = "<group>"; };
		90BCF58428A2F15700998A05 /* Device.swift */ = {isa = PBXFileReference; lastKnownFileType = sourcecode.swift; path = Device.swift; sourceTree = "<group>"; };
		90BCF58628A2F2FC00998A05 /* YamahaControllerCommands.swift */ = {isa = PBXFileReference; lastKnownFileType = sourcecode.swift; path = YamahaControllerCommands.swift; sourceTree = "<group>"; };
		90E217FE28A3060200ED31DE /* UDPBroadcastConnection.swift */ = {isa = PBXFileReference; fileEncoding = 4; lastKnownFileType = sourcecode.swift; path = UDPBroadcastConnection.swift; sourceTree = "<group>"; };
		90E217FF28A3060200ED31DE /* UDPBroadcastConnectionError.swift */ = {isa = PBXFileReference; fileEncoding = 4; lastKnownFileType = sourcecode.swift; path = UDPBroadcastConnectionError.swift; sourceTree = "<group>"; };
		90E2180328A572EA00ED31DE /* YamahaControllerXMLParser.swift */ = {isa = PBXFileReference; lastKnownFileType = sourcecode.swift; path = YamahaControllerXMLParser.swift; sourceTree = "<group>"; };
		90E2180528A58ECE00ED31DE /* DeviceView.swift */ = {isa = PBXFileReference; lastKnownFileType = sourcecode.swift; path = DeviceView.swift; sourceTree = "<group>"; };
		90E2180728B0FB6900ED31DE /* Icon.swift */ = {isa = PBXFileReference; lastKnownFileType = sourcecode.swift; path = Icon.swift; sourceTree = "<group>"; };
		90E2180B28BD1F4F00ED31DE /* DeviceRow.swift */ = {isa = PBXFileReference; lastKnownFileType = sourcecode.swift; path = DeviceRow.swift; sourceTree = "<group>"; };
		90E2180F2905B98E00ED31DE /* Zone.swift */ = {isa = PBXFileReference; lastKnownFileType = sourcecode.swift; path = Zone.swift; sourceTree = "<group>"; };
		90E218112905DE7F00ED31DE /* ZoneRow.swift */ = {isa = PBXFileReference; lastKnownFileType = sourcecode.swift; path = ZoneRow.swift; sourceTree = "<group>"; };
		90E218132905DFD800ED31DE /* ZoneView.swift */ = {isa = PBXFileReference; lastKnownFileType = sourcecode.swift; path = ZoneView.swift; sourceTree = "<group>"; };
		90E710BD289D6413001008DC /* AppDelegate.swift */ = {isa = PBXFileReference; lastKnownFileType = sourcecode.swift; path = AppDelegate.swift; sourceTree = "<group>"; };
		90E82FDA27B1B41C005DFB26 /* YamahaController.app */ = {isa = PBXFileReference; explicitFileType = wrapper.application; includeInIndex = 0; path = YamahaController.app; sourceTree = BUILT_PRODUCTS_DIR; };
		90E82FDD27B1B41C005DFB26 /* YamahaControllerApp.swift */ = {isa = PBXFileReference; lastKnownFileType = sourcecode.swift; path = YamahaControllerApp.swift; sourceTree = "<group>"; };
		90E82FDF27B1B41C005DFB26 /* ContentView.swift */ = {isa = PBXFileReference; lastKnownFileType = sourcecode.swift; path = ContentView.swift; sourceTree = "<group>"; };
		90E82FE127B1B41E005DFB26 /* Assets.xcassets */ = {isa = PBXFileReference; lastKnownFileType = folder.assetcatalog; path = Assets.xcassets; sourceTree = "<group>"; };
		90E82FE427B1B41E005DFB26 /* Preview Assets.xcassets */ = {isa = PBXFileReference; lastKnownFileType = folder.assetcatalog; path = "Preview Assets.xcassets"; sourceTree = "<group>"; };
		90E82FE627B1B41E005DFB26 /* YamahaController.entitlements */ = {isa = PBXFileReference; lastKnownFileType = text.plist.entitlements; path = YamahaController.entitlements; sourceTree = "<group>"; };
/* End PBXFileReference section */

/* Begin PBXFrameworksBuildPhase section */
		90E82FD727B1B41C005DFB26 /* Frameworks */ = {
			isa = PBXFrameworksBuildPhase;
			buildActionMask = 2147483647;
			files = (
			);
			runOnlyForDeploymentPostprocessing = 0;
		};
/* End PBXFrameworksBuildPhase section */

/* Begin PBXGroup section */
		90E2180228A3060C00ED31DE /* UDPBroadcastConnection */ = {
			isa = PBXGroup;
			children = (
				90E217FE28A3060200ED31DE /* UDPBroadcastConnection.swift */,
				90E217FF28A3060200ED31DE /* UDPBroadcastConnectionError.swift */,
			);
			path = UDPBroadcastConnection;
			sourceTree = "<group>";
		};
		90E2180D28BD1F7200ED31DE /* Views */ = {
			isa = PBXGroup;
			children = (
				90E82FDF27B1B41C005DFB26 /* ContentView.swift */,
				90E2180528A58ECE00ED31DE /* DeviceView.swift */,
				90E2180B28BD1F4F00ED31DE /* DeviceRow.swift */,
				90E218112905DE7F00ED31DE /* ZoneRow.swift */,
				90E218132905DFD800ED31DE /* ZoneView.swift */,
			);
			path = Views;
			sourceTree = "<group>";
		};
		90E2180E28BD1F7D00ED31DE /* Model */ = {
			isa = PBXGroup;
			children = (
				90BCF58228A2F10800998A05 /* ModelData.swift */,
				90E2180F2905B98E00ED31DE /* Zone.swift */,
				90E2180328A572EA00ED31DE /* YamahaControllerXMLParser.swift */,
				90BCF58428A2F15700998A05 /* Device.swift */,
				90E2180728B0FB6900ED31DE /* Icon.swift */,
			);
			path = Model;
			sourceTree = "<group>";
		};
		90E82FD127B1B41C005DFB26 = {
			isa = PBXGroup;
			children = (
				90E82FDC27B1B41C005DFB26 /* YamahaController */,
				90E82FDB27B1B41C005DFB26 /* Products */,
			);
			sourceTree = "<group>";
		};
		90E82FDB27B1B41C005DFB26 /* Products */ = {
			isa = PBXGroup;
			children = (
				90E82FDA27B1B41C005DFB26 /* YamahaController.app */,
			);
			name = Products;
			sourceTree = "<group>";
		};
		90E82FDC27B1B41C005DFB26 /* YamahaController */ = {
			isa = PBXGroup;
			children = (
				90E82FDD27B1B41C005DFB26 /* YamahaControllerApp.swift */,
				90BCF58628A2F2FC00998A05 /* YamahaControllerCommands.swift */,
				90E2180D28BD1F7200ED31DE /* Views */,
				90E2180E28BD1F7D00ED31DE /* Model */,
				90E82FE127B1B41E005DFB26 /* Assets.xcassets */,
				90E82FE627B1B41E005DFB26 /* YamahaController.entitlements */,
				90E82FE327B1B41E005DFB26 /* Preview Content */,
				90E710BD289D6413001008DC /* AppDelegate.swift */,
				90E2180228A3060C00ED31DE /* UDPBroadcastConnection */,
			);
			path = YamahaController;
			sourceTree = "<group>";
		};
		90E82FE327B1B41E005DFB26 /* Preview Content */ = {
			isa = PBXGroup;
			children = (
				90E82FE427B1B41E005DFB26 /* Preview Assets.xcassets */,
			);
			path = "Preview Content";
			sourceTree = "<group>";
		};
/* End PBXGroup section */

/* Begin PBXNativeTarget section */
		90E82FD927B1B41C005DFB26 /* YamahaController */ = {
			isa = PBXNativeTarget;
			buildConfigurationList = 90E82FE927B1B41E005DFB26 /* Build configuration list for PBXNativeTarget "YamahaController" */;
			buildPhases = (
				90E82FD627B1B41C005DFB26 /* Sources */,
				90E82FD727B1B41C005DFB26 /* Frameworks */,
				90E82FD827B1B41C005DFB26 /* Resources */,
			);
			buildRules = (
			);
			dependencies = (
			);
			name = YamahaController;
			productName = YamahaController;
			productReference = 90E82FDA27B1B41C005DFB26 /* YamahaController.app */;
			productType = "com.apple.product-type.application";
		};
/* End PBXNativeTarget section */

/* Begin PBXProject section */
		90E82FD227B1B41C005DFB26 /* Project object */ = {
			isa = PBXProject;
			attributes = {
				BuildIndependentTargetsInParallel = 1;
				LastSwiftUpdateCheck = 1320;
				LastUpgradeCheck = 1340;
				TargetAttributes = {
					90E82FD927B1B41C005DFB26 = {
						CreatedOnToolsVersion = 13.2.1;
					};
				};
			};
			buildConfigurationList = 90E82FD527B1B41C005DFB26 /* Build configuration list for PBXProject "YamahaController" */;
			compatibilityVersion = "Xcode 13.0";
			developmentRegion = en;
			hasScannedForEncodings = 0;
			knownRegions = (
				en,
				Base,
			);
			mainGroup = 90E82FD127B1B41C005DFB26;
			productRefGroup = 90E82FDB27B1B41C005DFB26 /* Products */;
			projectDirPath = "";
			projectRoot = "";
			targets = (
				90E82FD927B1B41C005DFB26 /* YamahaController */,
			);
		};
/* End PBXProject section */

/* Begin PBXResourcesBuildPhase section */
		90E82FD827B1B41C005DFB26 /* Resources */ = {
			isa = PBXResourcesBuildPhase;
			buildActionMask = 2147483647;
			files = (
				90E82FE527B1B41E005DFB26 /* Preview Assets.xcassets in Resources */,
				90E82FE227B1B41E005DFB26 /* Assets.xcassets in Resources */,
			);
			runOnlyForDeploymentPostprocessing = 0;
		};
/* End PBXResourcesBuildPhase section */

/* Begin PBXSourcesBuildPhase section */
		90E82FD627B1B41C005DFB26 /* Sources */ = {
			isa = PBXSourcesBuildPhase;
			buildActionMask = 2147483647;
			files = (
				90E710BE289D6413001008DC /* AppDelegate.swift in Sources */,
				90E218142905DFD800ED31DE /* ZoneView.swift in Sources */,
				90E2180128A3060200ED31DE /* UDPBroadcastConnectionError.swift in Sources */,
				90E218122905DE7F00ED31DE /* ZoneRow.swift in Sources */,
				90E2180C28BD1F4F00ED31DE /* DeviceRow.swift in Sources */,
				90E2180628A58ECE00ED31DE /* DeviceView.swift in Sources */,
				90BCF58328A2F10800998A05 /* ModelData.swift in Sources */,
				90E82FE027B1B41C005DFB26 /* ContentView.swift in Sources */,
				90E2180428A572EA00ED31DE /* YamahaControllerXMLParser.swift in Sources */,
				90E2180028A3060200ED31DE /* UDPBroadcastConnection.swift in Sources */,
				90BCF58728A2F2FC00998A05 /* YamahaControllerCommands.swift in Sources */,
				90E82FDE27B1B41C005DFB26 /* YamahaControllerApp.swift in Sources */,
				90BCF58528A2F15700998A05 /* Device.swift in Sources */,
				90E2180828B0FB6900ED31DE /* Icon.swift in Sources */,
				90E218102905B98E00ED31DE /* Zone.swift in Sources */,
			);
			runOnlyForDeploymentPostprocessing = 0;
		};
/* End PBXSourcesBuildPhase section */

/* Begin XCBuildConfiguration section */
		90E82FE727B1B41E005DFB26 /* Debug */ = {
			isa = XCBuildConfiguration;
			buildSettings = {
				ALWAYS_SEARCH_USER_PATHS = NO;
				CLANG_ANALYZER_NONNULL = YES;
				CLANG_ANALYZER_NUMBER_OBJECT_CONVERSION = YES_AGGRESSIVE;
				CLANG_CXX_LANGUAGE_STANDARD = "gnu++17";
				CLANG_CXX_LIBRARY = "libc++";
				CLANG_ENABLE_MODULES = YES;
				CLANG_ENABLE_OBJC_ARC = YES;
				CLANG_ENABLE_OBJC_WEAK = YES;
				CLANG_WARN_BLOCK_CAPTURE_AUTORELEASING = YES;
				CLANG_WARN_BOOL_CONVERSION = YES;
				CLANG_WARN_COMMA = YES;
				CLANG_WARN_CONSTANT_CONVERSION = YES;
				CLANG_WARN_DEPRECATED_OBJC_IMPLEMENTATIONS = YES;
				CLANG_WARN_DIRECT_OBJC_ISA_USAGE = YES_ERROR;
				CLANG_WARN_DOCUMENTATION_COMMENTS = YES;
				CLANG_WARN_EMPTY_BODY = YES;
				CLANG_WARN_ENUM_CONVERSION = YES;
				CLANG_WARN_INFINITE_RECURSION = YES;
				CLANG_WARN_INT_CONVERSION = YES;
				CLANG_WARN_NON_LITERAL_NULL_CONVERSION = YES;
				CLANG_WARN_OBJC_IMPLICIT_RETAIN_SELF = YES;
				CLANG_WARN_OBJC_LITERAL_CONVERSION = YES;
				CLANG_WARN_OBJC_ROOT_CLASS = YES_ERROR;
				CLANG_WARN_QUOTED_INCLUDE_IN_FRAMEWORK_HEADER = YES;
				CLANG_WARN_RANGE_LOOP_ANALYSIS = YES;
				CLANG_WARN_STRICT_PROTOTYPES = YES;
				CLANG_WARN_SUSPICIOUS_MOVE = YES;
				CLANG_WARN_UNGUARDED_AVAILABILITY = YES_AGGRESSIVE;
				CLANG_WARN_UNREACHABLE_CODE = YES;
				CLANG_WARN__DUPLICATE_METHOD_MATCH = YES;
				COPY_PHASE_STRIP = NO;
				DEBUG_INFORMATION_FORMAT = dwarf;
				ENABLE_STRICT_OBJC_MSGSEND = YES;
				ENABLE_TESTABILITY = YES;
				GCC_C_LANGUAGE_STANDARD = gnu11;
				GCC_DYNAMIC_NO_PIC = NO;
				GCC_NO_COMMON_BLOCKS = YES;
				GCC_OPTIMIZATION_LEVEL = 0;
				GCC_PREPROCESSOR_DEFINITIONS = (
					"DEBUG=1",
					"$(inherited)",
				);
				GCC_WARN_64_TO_32_BIT_CONVERSION = YES;
				GCC_WARN_ABOUT_RETURN_TYPE = YES_ERROR;
				GCC_WARN_UNDECLARED_SELECTOR = YES;
				GCC_WARN_UNINITIALIZED_AUTOS = YES_AGGRESSIVE;
				GCC_WARN_UNUSED_FUNCTION = YES;
				GCC_WARN_UNUSED_VARIABLE = YES;
				MACOSX_DEPLOYMENT_TARGET = 11.6;
				MTL_ENABLE_DEBUG_INFO = INCLUDE_SOURCE;
				MTL_FAST_MATH = YES;
				ONLY_ACTIVE_ARCH = YES;
				SDKROOT = macosx;
				SWIFT_ACTIVE_COMPILATION_CONDITIONS = DEBUG;
				SWIFT_OPTIMIZATION_LEVEL = "-Onone";
			};
			name = Debug;
		};
		90E82FE827B1B41E005DFB26 /* Release */ = {
			isa = XCBuildConfiguration;
			buildSettings = {
				ALWAYS_SEARCH_USER_PATHS = NO;
				CLANG_ANALYZER_NONNULL = YES;
				CLANG_ANALYZER_NUMBER_OBJECT_CONVERSION = YES_AGGRESSIVE;
				CLANG_CXX_LANGUAGE_STANDARD = "gnu++17";
				CLANG_CXX_LIBRARY = "libc++";
				CLANG_ENABLE_MODULES = YES;
				CLANG_ENABLE_OBJC_ARC = YES;
				CLANG_ENABLE_OBJC_WEAK = YES;
				CLANG_WARN_BLOCK_CAPTURE_AUTORELEASING = YES;
				CLANG_WARN_BOOL_CONVERSION = YES;
				CLANG_WARN_COMMA = YES;
				CLANG_WARN_CONSTANT_CONVERSION = YES;
				CLANG_WARN_DEPRECATED_OBJC_IMPLEMENTATIONS = YES;
				CLANG_WARN_DIRECT_OBJC_ISA_USAGE = YES_ERROR;
				CLANG_WARN_DOCUMENTATION_COMMENTS = YES;
				CLANG_WARN_EMPTY_BODY = YES;
				CLANG_WARN_ENUM_CONVERSION = YES;
				CLANG_WARN_INFINITE_RECURSION = YES;
				CLANG_WARN_INT_CONVERSION = YES;
				CLANG_WARN_NON_LITERAL_NULL_CONVERSION = YES;
				CLANG_WARN_OBJC_IMPLICIT_RETAIN_SELF = YES;
				CLANG_WARN_OBJC_LITERAL_CONVERSION = YES;
				CLANG_WARN_OBJC_ROOT_CLASS = YES_ERROR;
				CLANG_WARN_QUOTED_INCLUDE_IN_FRAMEWORK_HEADER = YES;
				CLANG_WARN_RANGE_LOOP_ANALYSIS = YES;
				CLANG_WARN_STRICT_PROTOTYPES = YES;
				CLANG_WARN_SUSPICIOUS_MOVE = YES;
				CLANG_WARN_UNGUARDED_AVAILABILITY = YES_AGGRESSIVE;
				CLANG_WARN_UNREACHABLE_CODE = YES;
				CLANG_WARN__DUPLICATE_METHOD_MATCH = YES;
				COPY_PHASE_STRIP = NO;
				DEBUG_INFORMATION_FORMAT = "dwarf-with-dsym";
				ENABLE_NS_ASSERTIONS = NO;
				ENABLE_STRICT_OBJC_MSGSEND = YES;
				GCC_C_LANGUAGE_STANDARD = gnu11;
				GCC_NO_COMMON_BLOCKS = YES;
				GCC_WARN_64_TO_32_BIT_CONVERSION = YES;
				GCC_WARN_ABOUT_RETURN_TYPE = YES_ERROR;
				GCC_WARN_UNDECLARED_SELECTOR = YES;
				GCC_WARN_UNINITIALIZED_AUTOS = YES_AGGRESSIVE;
				GCC_WARN_UNUSED_FUNCTION = YES;
				GCC_WARN_UNUSED_VARIABLE = YES;
				MACOSX_DEPLOYMENT_TARGET = 11.6;
				MTL_ENABLE_DEBUG_INFO = NO;
				MTL_FAST_MATH = YES;
				SDKROOT = macosx;
				SWIFT_COMPILATION_MODE = wholemodule;
				SWIFT_OPTIMIZATION_LEVEL = "-O";
			};
			name = Release;
		};
		90E82FEA27B1B41E005DFB26 /* Debug */ = {
			isa = XCBuildConfiguration;
			buildSettings = {
				ASSETCATALOG_COMPILER_APPICON_NAME = AppIcon;
				ASSETCATALOG_COMPILER_GLOBAL_ACCENT_COLOR_NAME = AccentColor;
				CODE_SIGN_ENTITLEMENTS = YamahaController/YamahaController.entitlements;
				CODE_SIGN_IDENTITY = "-";
				CODE_SIGN_STYLE = Automatic;
				COMBINE_HIDPI_IMAGES = YES;
				CURRENT_PROJECT_VERSION = 1;
				DEVELOPMENT_ASSET_PATHS = "\"YamahaController/Preview Content\"";
				DEVELOPMENT_TEAM = U34ZVBHBJ7;
				ENABLE_HARDENED_RUNTIME = YES;
				ENABLE_PREVIEWS = YES;
				GENERATE_INFOPLIST_FILE = YES;
				INFOPLIST_FILE = YamahaController/Info.plist;
				INFOPLIST_KEY_NSHumanReadableCopyright = "";
				INFOPLIST_KEY_NSLocalNetworkUsageDescription = "Need to connect to MusicCast devices";
				LD_RUNPATH_SEARCH_PATHS = (
					"$(inherited)",
					"@executable_path/../Frameworks",
				);
				MARKETING_VERSION = 1.0;
				PRODUCT_BUNDLE_IDENTIFIER = rh.YamahaController;
				PRODUCT_NAME = "$(TARGET_NAME)";
				SWIFT_EMIT_LOC_STRINGS = YES;
				SWIFT_VERSION = 5.0;
			};
			name = Debug;
		};
		90E82FEB27B1B41E005DFB26 /* Release */ = {
			isa = XCBuildConfiguration;
			buildSettings = {
				ASSETCATALOG_COMPILER_APPICON_NAME = AppIcon;
				ASSETCATALOG_COMPILER_GLOBAL_ACCENT_COLOR_NAME = AccentColor;
				CODE_SIGN_ENTITLEMENTS = YamahaController/YamahaController.entitlements;
				CODE_SIGN_IDENTITY = "-";
				CODE_SIGN_STYLE = Automatic;
				COMBINE_HIDPI_IMAGES = YES;
				CURRENT_PROJECT_VERSION = 1;
				DEVELOPMENT_ASSET_PATHS = "\"YamahaController/Preview Content\"";
				DEVELOPMENT_TEAM = U34ZVBHBJ7;
				ENABLE_HARDENED_RUNTIME = YES;
				ENABLE_PREVIEWS = YES;
				GENERATE_INFOPLIST_FILE = YES;
				INFOPLIST_FILE = YamahaController/Info.plist;
				INFOPLIST_KEY_NSHumanReadableCopyright = "";
				INFOPLIST_KEY_NSLocalNetworkUsageDescription = "Need to connect to MusicCast devices";
				LD_RUNPATH_SEARCH_PATHS = (
					"$(inherited)",
					"@executable_path/../Frameworks",
				);
				MARKETING_VERSION = 1.0;
				PRODUCT_BUNDLE_IDENTIFIER = rh.YamahaController;
				PRODUCT_NAME = "$(TARGET_NAME)";
				SWIFT_EMIT_LOC_STRINGS = YES;
				SWIFT_VERSION = 5.0;
			};
			name = Release;
		};
/* End XCBuildConfiguration section */

/* Begin XCConfigurationList section */
		90E82FD527B1B41C005DFB26 /* Build configuration list for PBXProject "YamahaController" */ = {
			isa = XCConfigurationList;
			buildConfigurations = (
				90E82FE727B1B41E005DFB26 /* Debug */,
				90E82FE827B1B41E005DFB26 /* Release */,
			);
			defaultConfigurationIsVisible = 0;
			defaultConfigurationName = Release;
		};
		90E82FE927B1B41E005DFB26 /* Build configuration list for PBXNativeTarget "YamahaController" */ = {
			isa = XCConfigurationList;
			buildConfigurations = (
				90E82FEA27B1B41E005DFB26 /* Debug */,
				90E82FEB27B1B41E005DFB26 /* Release */,
			);
			defaultConfigurationIsVisible = 0;
			defaultConfigurationName = Release;
		};
/* End XCConfigurationList section */
	};
	rootObject = 90E82FD227B1B41C005DFB26 /* Project object */;
}
